
Microsoft Visual Studio Solution File, Format Version 11.00
# Visual Studio 2010
Project("{FAE04EC0-301F-11D3-BF4B-00C04F79EFBC}") = "Shifter", "Assembly-CSharp-firstpass.csproj", "{F09FF528-26D3-36CC-4D4B-3AFAE510428A}"
EndProject
Project("{FAE04EC0-301F-11D3-BF4B-00C04F79EFBC}") = "Shifter", "Assembly-CSharp.csproj", "{84A742AE-43A0-057B-7D8F-C3F4F5598E79}"
EndProject
Project("{FAE04EC0-301F-11D3-BF4B-00C04F79EFBC}") = "Shifter", "Assembly-CSharp-Editor-firstpass.csproj", "{AA712686-9B1C-7628-92F5-A82BF5B17C2D}"
EndProject
Global
	GlobalSection(SolutionConfigurationPlatforms) = preSolution
		Debug|Any CPU = Debug|Any CPU
		Release|Any CPU = Release|Any CPU
	EndGlobalSection
	GlobalSection(ProjectConfigurationPlatforms) = postSolution
		{F09FF528-26D3-36CC-4D4B-3AFAE510428A}.Debug|Any CPU.ActiveCfg = Debug|Any CPU
		{F09FF528-26D3-36CC-4D4B-3AFAE510428A}.Debug|Any CPU.Build.0 = Debug|Any CPU
		{F09FF528-26D3-36CC-4D4B-3AFAE510428A}.Release|Any CPU.ActiveCfg = Release|Any CPU
		{F09FF528-26D3-36CC-4D4B-3AFAE510428A}.Release|Any CPU.Build.0 = Release|Any CPU
		{84A742AE-43A0-057B-7D8F-C3F4F5598E79}.Debug|Any CPU.ActiveCfg = Debug|Any CPU
		{84A742AE-43A0-057B-7D8F-C3F4F5598E79}.Debug|Any CPU.Build.0 = Debug|Any CPU
		{84A742AE-43A0-057B-7D8F-C3F4F5598E79}.Release|Any CPU.ActiveCfg = Release|Any CPU
		{84A742AE-43A0-057B-7D8F-C3F4F5598E79}.Release|Any CPU.Build.0 = Release|Any CPU
		{AA712686-9B1C-7628-92F5-A82BF5B17C2D}.Debug|Any CPU.ActiveCfg = Debug|Any CPU
		{AA712686-9B1C-7628-92F5-A82BF5B17C2D}.Debug|Any CPU.Build.0 = Debug|Any CPU
		{AA712686-9B1C-7628-92F5-A82BF5B17C2D}.Release|Any CPU.ActiveCfg = Release|Any CPU
		{AA712686-9B1C-7628-92F5-A82BF5B17C2D}.Release|Any CPU.Build.0 = Release|Any CPU
	EndGlobalSection
	GlobalSection(SolutionProperties) = preSolution
		HideSolutionNode = FALSE
	EndGlobalSection
	GlobalSection(MonoDevelopProperties) = preSolution
		StartupItem = Assembly-CSharp.csproj
	EndGlobalSection
EndGlobal
