Microsoft Visual Studio Solution File, Format Version 11.00
# Visual Studio 2008

Project("{2AFB0E6F-E968-0F00-4D89-BE5B30C68B9D}") = "MenuUnity", "Assembly-CSharp.csproj", "{80086FA6-DF30-793D-0E9A-B162A90D3942}"
EndProject
Global
	GlobalSection(SolutionConfigurationPlatforms) = preSolution
		Debug|Any CPU = Debug|Any CPU
		Release|Any CPU = Release|Any CPU
	EndGlobalSection
	GlobalSection(ProjectConfigurationPlatforms) = postSolution
		{80086FA6-DF30-793D-0E9A-B162A90D3942}.Debug|Any CPU.ActiveCfg = Debug|Any CPU
		{80086FA6-DF30-793D-0E9A-B162A90D3942}.Debug|Any CPU.Build.0 = Debug|Any CPU
		{80086FA6-DF30-793D-0E9A-B162A90D3942}.Release|Any CPU.ActiveCfg = Release|Any CPU
		{80086FA6-DF30-793D-0E9A-B162A90D3942}.Release|Any CPU.Build.0 = Release|Any CPU
	EndGlobalSection
	GlobalSection(SolutionProperties) = preSolution
		HideSolutionNode = FALSE
	EndGlobalSection
	GlobalSection(MonoDevelopProperties) = preSolution
		StartupItem = Assembly-CSharp.csproj
	EndGlobalSection
EndGlobal
