
Microsoft Visual Studio Solution File, Format Version 12.00
# Visual Studio 2017
Project("{FAE04EC0-301F-11D3-BF4B-00C04F79EFBC}") = "DialogueTest", "DialogueTest.csproj", "{6912AA64-96E1-7156-A6D3-FF856403539B}"
EndProject
Global
	GlobalSection(SolutionConfigurationPlatforms) = preSolution
		Debug|Any CPU = Debug|Any CPU
		Release|Any CPU = Release|Any CPU
	EndGlobalSection
	GlobalSection(ProjectConfigurationPlatforms) = postSolution
		{6912AA64-96E1-7156-A6D3-FF856403539B}.Debug|Any CPU.ActiveCfg = Debug|Any CPU
		{6912AA64-96E1-7156-A6D3-FF856403539B}.Debug|Any CPU.Build.0 = Debug|Any CPU
		{6912AA64-96E1-7156-A6D3-FF856403539B}.Release|Any CPU.ActiveCfg = Release|Any CPU
		{6912AA64-96E1-7156-A6D3-FF856403539B}.Release|Any CPU.Build.0 = Release|Any CPU
	EndGlobalSection
	GlobalSection(SolutionProperties) = preSolution
		HideSolutionNode = FALSE
	EndGlobalSection
EndGlobal
